
Microsoft Visual Studio Solution File, Format Version 12.00
# Visual Studio 15
VisualStudioVersion = 15.0.27703.2047
MinimumVisualStudioVersion = 10.0.40219.1
Project("{FAE04EC0-301F-11D3-BF4B-00C04F79EFBC}") = "khop", "khop\khop.csproj", "{A85ADAB3-800E-4EB0-ACC5-3766B78D4843}"
EndProject
Global
	GlobalSection(SolutionConfigurationPlatforms) = preSolution
		Debug|Any CPU = Debug|Any CPU
		Release|Any CPU = Release|Any CPU
	EndGlobalSection
	GlobalSection(ProjectConfigurationPlatforms) = postSolution
		{A85ADAB3-800E-4EB0-ACC5-3766B78D4843}.Debug|Any CPU.ActiveCfg = Debug|Any CPU
		{A85ADAB3-800E-4EB0-ACC5-3766B78D4843}.Debug|Any CPU.Build.0 = Debug|Any CPU
		{A85ADAB3-800E-4EB0-ACC5-3766B78D4843}.Release|Any CPU.ActiveCfg = Release|Any CPU
		{A85ADAB3-800E-4EB0-ACC5-3766B78D4843}.Release|Any CPU.Build.0 = Release|Any CPU
	EndGlobalSection
	GlobalSection(SolutionProperties) = preSolution
		HideSolutionNode = FALSE
	EndGlobalSection
	GlobalSection(ExtensibilityGlobals) = postSolution
		SolutionGuid = {813FEEF6-8937-4517-AEAA-01961F1F5E46}
	EndGlobalSection
EndGlobal
